// !$*UTF8*$!
{
	archiveVersion = 1;
	classes = {
	};
	objectVersion = 56;
	objects = {

/* Begin PBXBuildFile section */
		43ABC9942A06EAF0000F2335 /* CategorySelector.swift in Sources */ = {isa = PBXBuildFile; fileRef = 43ABC9932A06EAF0000F2335 /* CategorySelector.swift */; };
		43DD35032A066B2600BC00CB /* DiscoverView.swift in Sources */ = {isa = PBXBuildFile; fileRef = 43DD35022A066B2600BC00CB /* DiscoverView.swift */; };
		43DD35052A066B2F00BC00CB /* CompetitionsView.swift in Sources */ = {isa = PBXBuildFile; fileRef = 43DD35042A066B2F00BC00CB /* CompetitionsView.swift */; };
		43DD35072A066B3500BC00CB /* MapView.swift in Sources */ = {isa = PBXBuildFile; fileRef = 43DD35062A066B3500BC00CB /* MapView.swift */; };
		43DD35092A066B3D00BC00CB /* ProfileView.swift in Sources */ = {isa = PBXBuildFile; fileRef = 43DD35082A066B3D00BC00CB /* ProfileView.swift */; };
		43DD350B2A066B4300BC00CB /* TicketsView.swift in Sources */ = {isa = PBXBuildFile; fileRef = 43DD350A2A066B4300BC00CB /* TicketsView.swift */; };
		43DD35102A06D51900BC00CB /* Styling.swift in Sources */ = {isa = PBXBuildFile; fileRef = 43DD350F2A06D51900BC00CB /* Styling.swift */; };
		AAC00ECF2A07BC850094CE85 /* Models.swift in Sources */ = {isa = PBXBuildFile; fileRef = AAC00ECE2A07BC850094CE85 /* Models.swift */; };
		AAC00ED22A07C14E0094CE85 /* ViewModel.swift in Sources */ = {isa = PBXBuildFile; fileRef = AAC00ED12A07C14E0094CE85 /* ViewModel.swift */; };
		AAC00ED42A07CF890094CE85 /* SplashView.swift in Sources */ = {isa = PBXBuildFile; fileRef = AAC00ED32A07CF890094CE85 /* SplashView.swift */; };
		AAC00ED62A07EAB10094CE85 /* FloatingMenu.swift in Sources */ = {isa = PBXBuildFile; fileRef = AAC00ED52A07EAB10094CE85 /* FloatingMenu.swift */; };
		AAC00ED82A07F1FC0094CE85 /* NewsCardBig.swift in Sources */ = {isa = PBXBuildFile; fileRef = AAC00ED72A07F1FC0094CE85 /* NewsCardBig.swift */; };
		AADA83252A081B2F001E9081 /* CompetitionCell.swift in Sources */ = {isa = PBXBuildFile; fileRef = AADA83242A081B2F001E9081 /* CompetitionCell.swift */; };
		AADA83272A08CCE1001E9081 /* NewsCardSmall.swift in Sources */ = {isa = PBXBuildFile; fileRef = AADA83262A08CCE1001E9081 /* NewsCardSmall.swift */; };
		AADA83292A08D5F4001E9081 /* OpenNewsView.swift in Sources */ = {isa = PBXBuildFile; fileRef = AADA83282A08D5F4001E9081 /* OpenNewsView.swift */; };
		AAE900542A04FDA2000FAB23 /* Roma2024App.swift in Sources */ = {isa = PBXBuildFile; fileRef = AAE900532A04FDA2000FAB23 /* Roma2024App.swift */; };
		AAE900562A04FDA2000FAB23 /* TabBarView.swift in Sources */ = {isa = PBXBuildFile; fileRef = AAE900552A04FDA2000FAB23 /* TabBarView.swift */; };
		AAE900582A04FDA3000FAB23 /* Assets.xcassets in Resources */ = {isa = PBXBuildFile; fileRef = AAE900572A04FDA3000FAB23 /* Assets.xcassets */; };
		AAE9005B2A04FDA3000FAB23 /* Preview Assets.xcassets in Resources */ = {isa = PBXBuildFile; fileRef = AAE9005A2A04FDA3000FAB23 /* Preview Assets.xcassets */; };
		ACDC98BD2A0A7BF00048AEB7 /* SegmentedControllerView.swift in Sources */ = {isa = PBXBuildFile; fileRef = ACDC98BC2A0A7BF00048AEB7 /* SegmentedControllerView.swift */; };
		ACE5A6CC2A09171500B94A63 /* DateSelector.swift in Sources */ = {isa = PBXBuildFile; fileRef = ACE5A6CB2A09171500B94A63 /* DateSelector.swift */; };
		ACE5A6D02A09320800B94A63 /* MatchDetailView.swift in Sources */ = {isa = PBXBuildFile; fileRef = ACE5A6CF2A09320800B94A63 /* MatchDetailView.swift */; };
/* End PBXBuildFile section */

/* Begin PBXFileReference section */
		43ABC9932A06EAF0000F2335 /* CategorySelector.swift */ = {isa = PBXFileReference; lastKnownFileType = sourcecode.swift; path = CategorySelector.swift; sourceTree = "<group>"; };
		43DD35022A066B2600BC00CB /* DiscoverView.swift */ = {isa = PBXFileReference; lastKnownFileType = sourcecode.swift; path = DiscoverView.swift; sourceTree = "<group>"; };
		43DD35042A066B2F00BC00CB /* CompetitionsView.swift */ = {isa = PBXFileReference; lastKnownFileType = sourcecode.swift; path = CompetitionsView.swift; sourceTree = "<group>"; };
		43DD35062A066B3500BC00CB /* MapView.swift */ = {isa = PBXFileReference; lastKnownFileType = sourcecode.swift; path = MapView.swift; sourceTree = "<group>"; };
		43DD35082A066B3D00BC00CB /* ProfileView.swift */ = {isa = PBXFileReference; lastKnownFileType = sourcecode.swift; path = ProfileView.swift; sourceTree = "<group>"; };
		43DD350A2A066B4300BC00CB /* TicketsView.swift */ = {isa = PBXFileReference; lastKnownFileType = sourcecode.swift; path = TicketsView.swift; sourceTree = "<group>"; };
		43DD350F2A06D51900BC00CB /* Styling.swift */ = {isa = PBXFileReference; lastKnownFileType = sourcecode.swift; path = Styling.swift; sourceTree = "<group>"; };
		AAC00ECE2A07BC850094CE85 /* Models.swift */ = {isa = PBXFileReference; lastKnownFileType = sourcecode.swift; path = Models.swift; sourceTree = "<group>"; };
		AAC00ED12A07C14E0094CE85 /* ViewModel.swift */ = {isa = PBXFileReference; lastKnownFileType = sourcecode.swift; path = ViewModel.swift; sourceTree = "<group>"; };
		AAC00ED32A07CF890094CE85 /* SplashView.swift */ = {isa = PBXFileReference; fileEncoding = 4; lastKnownFileType = sourcecode.swift; path = SplashView.swift; sourceTree = "<group>"; };
		AAC00ED52A07EAB10094CE85 /* FloatingMenu.swift */ = {isa = PBXFileReference; lastKnownFileType = sourcecode.swift; path = FloatingMenu.swift; sourceTree = "<group>"; };
		AAC00ED72A07F1FC0094CE85 /* NewsCardBig.swift */ = {isa = PBXFileReference; lastKnownFileType = sourcecode.swift; path = NewsCardBig.swift; sourceTree = "<group>"; };
		AADA83242A081B2F001E9081 /* CompetitionCell.swift */ = {isa = PBXFileReference; lastKnownFileType = sourcecode.swift; path = CompetitionCell.swift; sourceTree = "<group>"; };
		AADA83262A08CCE1001E9081 /* NewsCardSmall.swift */ = {isa = PBXFileReference; lastKnownFileType = sourcecode.swift; path = NewsCardSmall.swift; sourceTree = "<group>"; };
		AADA83282A08D5F4001E9081 /* OpenNewsView.swift */ = {isa = PBXFileReference; lastKnownFileType = sourcecode.swift; path = OpenNewsView.swift; sourceTree = "<group>"; };
		AAE900502A04FDA2000FAB23 /* Roma2024.app */ = {isa = PBXFileReference; explicitFileType = wrapper.application; includeInIndex = 0; path = Roma2024.app; sourceTree = BUILT_PRODUCTS_DIR; };
		AAE900532A04FDA2000FAB23 /* Roma2024App.swift */ = {isa = PBXFileReference; lastKnownFileType = sourcecode.swift; path = Roma2024App.swift; sourceTree = "<group>"; };
		AAE900552A04FDA2000FAB23 /* TabBarView.swift */ = {isa = PBXFileReference; lastKnownFileType = sourcecode.swift; path = TabBarView.swift; sourceTree = "<group>"; };
		AAE900572A04FDA3000FAB23 /* Assets.xcassets */ = {isa = PBXFileReference; lastKnownFileType = folder.assetcatalog; path = Assets.xcassets; sourceTree = "<group>"; };
		AAE9005A2A04FDA3000FAB23 /* Preview Assets.xcassets */ = {isa = PBXFileReference; lastKnownFileType = folder.assetcatalog; path = "Preview Assets.xcassets"; sourceTree = "<group>"; };
		ACDC98BC2A0A7BF00048AEB7 /* SegmentedControllerView.swift */ = {isa = PBXFileReference; fileEncoding = 4; lastKnownFileType = sourcecode.swift; path = SegmentedControllerView.swift; sourceTree = "<group>"; };
		ACE5A6CB2A09171500B94A63 /* DateSelector.swift */ = {isa = PBXFileReference; fileEncoding = 4; lastKnownFileType = sourcecode.swift; path = DateSelector.swift; sourceTree = "<group>"; };
		ACE5A6CF2A09320800B94A63 /* MatchDetailView.swift */ = {isa = PBXFileReference; lastKnownFileType = sourcecode.swift; path = MatchDetailView.swift; sourceTree = "<group>"; };
/* End PBXFileReference section */

/* Begin PBXFrameworksBuildPhase section */
		AAE9004D2A04FDA2000FAB23 /* Frameworks */ = {
			isa = PBXFrameworksBuildPhase;
			buildActionMask = 2147483647;
			files = (
			);
			runOnlyForDeploymentPostprocessing = 0;
		};
/* End PBXFrameworksBuildPhase section */

/* Begin PBXGroup section */
		43ABC9922A06EAD7000F2335 /* Components */ = {
			isa = PBXGroup;
			children = (
				ACDC98BC2A0A7BF00048AEB7 /* SegmentedControllerView.swift */,
				ACE5A6CB2A09171500B94A63 /* DateSelector.swift */,
				43ABC9932A06EAF0000F2335 /* CategorySelector.swift */,
				AADA83242A081B2F001E9081 /* CompetitionCell.swift */,
				AAC00ED52A07EAB10094CE85 /* FloatingMenu.swift */,
				AAC00ED72A07F1FC0094CE85 /* NewsCardBig.swift */,
				AADA83262A08CCE1001E9081 /* NewsCardSmall.swift */,
			);
			path = Components;
			sourceTree = "<group>";
		};
		43DD350C2A066B4B00BC00CB /* Views */ = {
			isa = PBXGroup;
			children = (
				AAC00ED32A07CF890094CE85 /* SplashView.swift */,
				AAE900552A04FDA2000FAB23 /* TabBarView.swift */,
				43DD35022A066B2600BC00CB /* DiscoverView.swift */,
				43DD35042A066B2F00BC00CB /* CompetitionsView.swift */,
				ACE5A6CF2A09320800B94A63 /* MatchDetailView.swift */,
				43DD35062A066B3500BC00CB /* MapView.swift */,
				43DD35082A066B3D00BC00CB /* ProfileView.swift */,
				43DD350A2A066B4300BC00CB /* TicketsView.swift */,
				AADA83282A08D5F4001E9081 /* OpenNewsView.swift */,
			);
			path = Views;
			sourceTree = "<group>";
		};
		AAC00ECD2A07BC730094CE85 /* Model */ = {
			isa = PBXGroup;
			children = (
				AAC00ECE2A07BC850094CE85 /* Models.swift */,
			);
			path = Model;
			sourceTree = "<group>";
		};
		AAC00ED02A07C1400094CE85 /* ViewModel */ = {
			isa = PBXGroup;
			children = (
				AAC00ED12A07C14E0094CE85 /* ViewModel.swift */,
			);
			path = ViewModel;
			sourceTree = "<group>";
		};
		AAE900472A04FDA2000FAB23 = {
			isa = PBXGroup;
			children = (
				AAE900522A04FDA2000FAB23 /* Roma2024 */,
				AAE900512A04FDA2000FAB23 /* Products */,
			);
			sourceTree = "<group>";
		};
		AAE900512A04FDA2000FAB23 /* Products */ = {
			isa = PBXGroup;
			children = (
				AAE900502A04FDA2000FAB23 /* Roma2024.app */,
			);
			name = Products;
			sourceTree = "<group>";
		};
		AAE900522A04FDA2000FAB23 /* Roma2024 */ = {
			isa = PBXGroup;
			children = (
				AAC00ED02A07C1400094CE85 /* ViewModel */,
				AAC00ECD2A07BC730094CE85 /* Model */,
				AAE900532A04FDA2000FAB23 /* Roma2024App.swift */,
				43DD350F2A06D51900BC00CB /* Styling.swift */,
				43ABC9922A06EAD7000F2335 /* Components */,
				43DD350C2A066B4B00BC00CB /* Views */,
				AAE900572A04FDA3000FAB23 /* Assets.xcassets */,
				AAE900592A04FDA3000FAB23 /* Preview Content */,
			);
			path = Roma2024;
			sourceTree = "<group>";
		};
		AAE900592A04FDA3000FAB23 /* Preview Content */ = {
			isa = PBXGroup;
			children = (
				AAE9005A2A04FDA3000FAB23 /* Preview Assets.xcassets */,
			);
			path = "Preview Content";
			sourceTree = "<group>";
		};
/* End PBXGroup section */

/* Begin PBXNativeTarget section */
		AAE9004F2A04FDA2000FAB23 /* Roma2024 */ = {
			isa = PBXNativeTarget;
			buildConfigurationList = AAE9005E2A04FDA3000FAB23 /* Build configuration list for PBXNativeTarget "Roma2024" */;
			buildPhases = (
				AAE9004C2A04FDA2000FAB23 /* Sources */,
				AAE9004D2A04FDA2000FAB23 /* Frameworks */,
				AAE9004E2A04FDA2000FAB23 /* Resources */,
			);
			buildRules = (
			);
			dependencies = (
			);
			name = Roma2024;
			productName = Roma2024;
			productReference = AAE900502A04FDA2000FAB23 /* Roma2024.app */;
			productType = "com.apple.product-type.application";
		};
/* End PBXNativeTarget section */

/* Begin PBXProject section */
		AAE900482A04FDA2000FAB23 /* Project object */ = {
			isa = PBXProject;
			attributes = {
				BuildIndependentTargetsInParallel = 1;
				LastSwiftUpdateCheck = 1430;
				LastUpgradeCheck = 1430;
				TargetAttributes = {
					AAE9004F2A04FDA2000FAB23 = {
						CreatedOnToolsVersion = 14.3;
					};
				};
			};
			buildConfigurationList = AAE9004B2A04FDA2000FAB23 /* Build configuration list for PBXProject "Roma2024" */;
			compatibilityVersion = "Xcode 14.0";
			developmentRegion = en;
			hasScannedForEncodings = 0;
			knownRegions = (
				en,
				Base,
			);
			mainGroup = AAE900472A04FDA2000FAB23;
			productRefGroup = AAE900512A04FDA2000FAB23 /* Products */;
			projectDirPath = "";
			projectRoot = "";
			targets = (
				AAE9004F2A04FDA2000FAB23 /* Roma2024 */,
			);
		};
/* End PBXProject section */

/* Begin PBXResourcesBuildPhase section */
		AAE9004E2A04FDA2000FAB23 /* Resources */ = {
			isa = PBXResourcesBuildPhase;
			buildActionMask = 2147483647;
			files = (
				AAE9005B2A04FDA3000FAB23 /* Preview Assets.xcassets in Resources */,
				AAE900582A04FDA3000FAB23 /* Assets.xcassets in Resources */,
			);
			runOnlyForDeploymentPostprocessing = 0;
		};
/* End PBXResourcesBuildPhase section */

/* Begin PBXSourcesBuildPhase section */
		AAE9004C2A04FDA2000FAB23 /* Sources */ = {
			isa = PBXSourcesBuildPhase;
			buildActionMask = 2147483647;
			files = (
				43ABC9942A06EAF0000F2335 /* CategorySelector.swift in Sources */,
				AADA83252A081B2F001E9081 /* CompetitionCell.swift in Sources */,
				AAE900562A04FDA2000FAB23 /* TabBarView.swift in Sources */,
				AAE900542A04FDA2000FAB23 /* Roma2024App.swift in Sources */,
				AAC00ED22A07C14E0094CE85 /* ViewModel.swift in Sources */,
				43DD35102A06D51900BC00CB /* Styling.swift in Sources */,
				AAC00ED82A07F1FC0094CE85 /* NewsCardBig.swift in Sources */,
				ACE5A6D02A09320800B94A63 /* MatchDetailView.swift in Sources */,
				AAC00ED42A07CF890094CE85 /* SplashView.swift in Sources */,
				ACE5A6CC2A09171500B94A63 /* DateSelector.swift in Sources */,
				43DD35072A066B3500BC00CB /* MapView.swift in Sources */,
				AAC00ED62A07EAB10094CE85 /* FloatingMenu.swift in Sources */,
				43DD35052A066B2F00BC00CB /* CompetitionsView.swift in Sources */,
				43DD350B2A066B4300BC00CB /* TicketsView.swift in Sources */,
				AADA83292A08D5F4001E9081 /* OpenNewsView.swift in Sources */,
				ACDC98BD2A0A7BF00048AEB7 /* SegmentedControllerView.swift in Sources */,
				43DD35092A066B3D00BC00CB /* ProfileView.swift in Sources */,
				43DD35032A066B2600BC00CB /* DiscoverView.swift in Sources */,
				AADA83272A08CCE1001E9081 /* NewsCardSmall.swift in Sources */,
				AAC00ECF2A07BC850094CE85 /* Models.swift in Sources */,
			);
			runOnlyForDeploymentPostprocessing = 0;
		};
/* End PBXSourcesBuildPhase section */

/* Begin XCBuildConfiguration section */
		AAE9005C2A04FDA3000FAB23 /* Debug */ = {
			isa = XCBuildConfiguration;
			buildSettings = {
				ALWAYS_SEARCH_USER_PATHS = NO;
				CLANG_ANALYZER_NONNULL = YES;
				CLANG_ANALYZER_NUMBER_OBJECT_CONVERSION = YES_AGGRESSIVE;
				CLANG_CXX_LANGUAGE_STANDARD = "gnu++20";
				CLANG_ENABLE_MODULES = YES;
				CLANG_ENABLE_OBJC_ARC = YES;
				CLANG_ENABLE_OBJC_WEAK = YES;
				CLANG_WARN_BLOCK_CAPTURE_AUTORELEASING = YES;
				CLANG_WARN_BOOL_CONVERSION = YES;
				CLANG_WARN_COMMA = YES;
				CLANG_WARN_CONSTANT_CONVERSION = YES;
				CLANG_WARN_DEPRECATED_OBJC_IMPLEMENTATIONS = YES;
				CLANG_WARN_DIRECT_OBJC_ISA_USAGE = YES_ERROR;
				CLANG_WARN_DOCUMENTATION_COMMENTS = YES;
				CLANG_WARN_EMPTY_BODY = YES;
				CLANG_WARN_ENUM_CONVERSION = YES;
				CLANG_WARN_INFINITE_RECURSION = YES;
				CLANG_WARN_INT_CONVERSION = YES;
				CLANG_WARN_NON_LITERAL_NULL_CONVERSION = YES;
				CLANG_WARN_OBJC_IMPLICIT_RETAIN_SELF = YES;
				CLANG_WARN_OBJC_LITERAL_CONVERSION = YES;
				CLANG_WARN_OBJC_ROOT_CLASS = YES_ERROR;
				CLANG_WARN_QUOTED_INCLUDE_IN_FRAMEWORK_HEADER = YES;
				CLANG_WARN_RANGE_LOOP_ANALYSIS = YES;
				CLANG_WARN_STRICT_PROTOTYPES = YES;
				CLANG_WARN_SUSPICIOUS_MOVE = YES;
				CLANG_WARN_UNGUARDED_AVAILABILITY = YES_AGGRESSIVE;
				CLANG_WARN_UNREACHABLE_CODE = YES;
				CLANG_WARN__DUPLICATE_METHOD_MATCH = YES;
				COPY_PHASE_STRIP = NO;
				DEBUG_INFORMATION_FORMAT = dwarf;
				ENABLE_STRICT_OBJC_MSGSEND = YES;
				ENABLE_TESTABILITY = YES;
				GCC_C_LANGUAGE_STANDARD = gnu11;
				GCC_DYNAMIC_NO_PIC = NO;
				GCC_NO_COMMON_BLOCKS = YES;
				GCC_OPTIMIZATION_LEVEL = 0;
				GCC_PREPROCESSOR_DEFINITIONS = (
					"DEBUG=1",
					"$(inherited)",
				);
				GCC_WARN_64_TO_32_BIT_CONVERSION = YES;
				GCC_WARN_ABOUT_RETURN_TYPE = YES_ERROR;
				GCC_WARN_UNDECLARED_SELECTOR = YES;
				GCC_WARN_UNINITIALIZED_AUTOS = YES_AGGRESSIVE;
				GCC_WARN_UNUSED_FUNCTION = YES;
				GCC_WARN_UNUSED_VARIABLE = YES;
				IPHONEOS_DEPLOYMENT_TARGET = 16.4;
				MTL_ENABLE_DEBUG_INFO = INCLUDE_SOURCE;
				MTL_FAST_MATH = YES;
				ONLY_ACTIVE_ARCH = YES;
				SDKROOT = iphoneos;
				SWIFT_ACTIVE_COMPILATION_CONDITIONS = DEBUG;
				SWIFT_OPTIMIZATION_LEVEL = "-Onone";
			};
			name = Debug;
		};
		AAE9005D2A04FDA3000FAB23 /* Release */ = {
			isa = XCBuildConfiguration;
			buildSettings = {
				ALWAYS_SEARCH_USER_PATHS = NO;
				CLANG_ANALYZER_NONNULL = YES;
				CLANG_ANALYZER_NUMBER_OBJECT_CONVERSION = YES_AGGRESSIVE;
				CLANG_CXX_LANGUAGE_STANDARD = "gnu++20";
				CLANG_ENABLE_MODULES = YES;
				CLANG_ENABLE_OBJC_ARC = YES;
				CLANG_ENABLE_OBJC_WEAK = YES;
				CLANG_WARN_BLOCK_CAPTURE_AUTORELEASING = YES;
				CLANG_WARN_BOOL_CONVERSION = YES;
				CLANG_WARN_COMMA = YES;
				CLANG_WARN_CONSTANT_CONVERSION = YES;
				CLANG_WARN_DEPRECATED_OBJC_IMPLEMENTATIONS = YES;
				CLANG_WARN_DIRECT_OBJC_ISA_USAGE = YES_ERROR;
				CLANG_WARN_DOCUMENTATION_COMMENTS = YES;
				CLANG_WARN_EMPTY_BODY = YES;
				CLANG_WARN_ENUM_CONVERSION = YES;
				CLANG_WARN_INFINITE_RECURSION = YES;
				CLANG_WARN_INT_CONVERSION = YES;
				CLANG_WARN_NON_LITERAL_NULL_CONVERSION = YES;
				CLANG_WARN_OBJC_IMPLICIT_RETAIN_SELF = YES;
				CLANG_WARN_OBJC_LITERAL_CONVERSION = YES;
				CLANG_WARN_OBJC_ROOT_CLASS = YES_ERROR;
				CLANG_WARN_QUOTED_INCLUDE_IN_FRAMEWORK_HEADER = YES;
				CLANG_WARN_RANGE_LOOP_ANALYSIS = YES;
				CLANG_WARN_STRICT_PROTOTYPES = YES;
				CLANG_WARN_SUSPICIOUS_MOVE = YES;
				CLANG_WARN_UNGUARDED_AVAILABILITY = YES_AGGRESSIVE;
				CLANG_WARN_UNREACHABLE_CODE = YES;
				CLANG_WARN__DUPLICATE_METHOD_MATCH = YES;
				COPY_PHASE_STRIP = NO;
				DEBUG_INFORMATION_FORMAT = "dwarf-with-dsym";
				ENABLE_NS_ASSERTIONS = NO;
				ENABLE_STRICT_OBJC_MSGSEND = YES;
				GCC_C_LANGUAGE_STANDARD = gnu11;
				GCC_NO_COMMON_BLOCKS = YES;
				GCC_WARN_64_TO_32_BIT_CONVERSION = YES;
				GCC_WARN_ABOUT_RETURN_TYPE = YES_ERROR;
				GCC_WARN_UNDECLARED_SELECTOR = YES;
				GCC_WARN_UNINITIALIZED_AUTOS = YES_AGGRESSIVE;
				GCC_WARN_UNUSED_FUNCTION = YES;
				GCC_WARN_UNUSED_VARIABLE = YES;
				IPHONEOS_DEPLOYMENT_TARGET = 16.4;
				MTL_ENABLE_DEBUG_INFO = NO;
				MTL_FAST_MATH = YES;
				SDKROOT = iphoneos;
				SWIFT_COMPILATION_MODE = wholemodule;
				SWIFT_OPTIMIZATION_LEVEL = "-O";
				VALIDATE_PRODUCT = YES;
			};
			name = Release;
		};
		AAE9005F2A04FDA3000FAB23 /* Debug */ = {
			isa = XCBuildConfiguration;
			buildSettings = {
				ASSETCATALOG_COMPILER_APPICON_NAME = AppIcon;
				ASSETCATALOG_COMPILER_GLOBAL_ACCENT_COLOR_NAME = AccentColor;
				CODE_SIGN_STYLE = Automatic;
				CURRENT_PROJECT_VERSION = 1;
				DEVELOPMENT_ASSET_PATHS = "\"Roma2024/Preview Content\"";
				DEVELOPMENT_TEAM = 96PF9Z4T28;
				ENABLE_PREVIEWS = YES;
				GENERATE_INFOPLIST_FILE = YES;
				INFOPLIST_KEY_UIApplicationSceneManifest_Generation = YES;
				INFOPLIST_KEY_UIApplicationSupportsIndirectInputEvents = YES;
				INFOPLIST_KEY_UILaunchScreen_Generation = YES;
				INFOPLIST_KEY_UISupportedInterfaceOrientations_iPad = "UIInterfaceOrientationPortrait UIInterfaceOrientationPortraitUpsideDown UIInterfaceOrientationLandscapeLeft UIInterfaceOrientationLandscapeRight";
				INFOPLIST_KEY_UISupportedInterfaceOrientations_iPhone = "UIInterfaceOrientationPortrait UIInterfaceOrientationLandscapeLeft UIInterfaceOrientationLandscapeRight";
				LD_RUNPATH_SEARCH_PATHS = (
					"$(inherited)",
					"@executable_path/Frameworks",
				);
				MARKETING_VERSION = 1.0;
				PRODUCT_BUNDLE_IDENTIFIER = eddo.Roma2024;
				PRODUCT_NAME = "$(TARGET_NAME)";
				SWIFT_EMIT_LOC_STRINGS = YES;
				SWIFT_VERSION = 5.0;
				TARGETED_DEVICE_FAMILY = "1,2";
			};
			name = Debug;
		};
		AAE900602A04FDA3000FAB23 /* Release */ = {
			isa = XCBuildConfiguration;
			buildSettings = {
				ASSETCATALOG_COMPILER_APPICON_NAME = AppIcon;
				ASSETCATALOG_COMPILER_GLOBAL_ACCENT_COLOR_NAME = AccentColor;
				CODE_SIGN_STYLE = Automatic;
				CURRENT_PROJECT_VERSION = 1;
				DEVELOPMENT_ASSET_PATHS = "\"Roma2024/Preview Content\"";
				DEVELOPMENT_TEAM = 96PF9Z4T28;
				ENABLE_PREVIEWS = YES;
				GENERATE_INFOPLIST_FILE = YES;
				INFOPLIST_KEY_UIApplicationSceneManifest_Generation = YES;
				INFOPLIST_KEY_UIApplicationSupportsIndirectInputEvents = YES;
				INFOPLIST_KEY_UILaunchScreen_Generation = YES;
				INFOPLIST_KEY_UISupportedInterfaceOrientations_iPad = "UIInterfaceOrientationPortrait UIInterfaceOrientationPortraitUpsideDown UIInterfaceOrientationLandscapeLeft UIInterfaceOrientationLandscapeRight";
				INFOPLIST_KEY_UISupportedInterfaceOrientations_iPhone = "UIInterfaceOrientationPortrait UIInterfaceOrientationLandscapeLeft UIInterfaceOrientationLandscapeRight";
				LD_RUNPATH_SEARCH_PATHS = (
					"$(inherited)",
					"@executable_path/Frameworks",
				);
				MARKETING_VERSION = 1.0;
				PRODUCT_BUNDLE_IDENTIFIER = eddo.Roma2024;
				PRODUCT_NAME = "$(TARGET_NAME)";
				SWIFT_EMIT_LOC_STRINGS = YES;
				SWIFT_VERSION = 5.0;
				TARGETED_DEVICE_FAMILY = "1,2";
			};
			name = Release;
		};
/* End XCBuildConfiguration section */

/* Begin XCConfigurationList section */
		AAE9004B2A04FDA2000FAB23 /* Build configuration list for PBXProject "Roma2024" */ = {
			isa = XCConfigurationList;
			buildConfigurations = (
				AAE9005C2A04FDA3000FAB23 /* Debug */,
				AAE9005D2A04FDA3000FAB23 /* Release */,
			);
			defaultConfigurationIsVisible = 0;
			defaultConfigurationName = Release;
		};
		AAE9005E2A04FDA3000FAB23 /* Build configuration list for PBXNativeTarget "Roma2024" */ = {
			isa = XCConfigurationList;
			buildConfigurations = (
				AAE9005F2A04FDA3000FAB23 /* Debug */,
				AAE900602A04FDA3000FAB23 /* Release */,
			);
			defaultConfigurationIsVisible = 0;
			defaultConfigurationName = Release;
		};
/* End XCConfigurationList section */
	};
	rootObject = AAE900482A04FDA2000FAB23 /* Project object */;
}
